
Microsoft Visual Studio Solution File, Format Version 12.00
# Visual Studio Version 17
VisualStudioVersion = 17.0.31903.59
MinimumVisualStudioVersion = 10.0.40219.1
Project("{FAE04EC0-301F-11D3-BF4B-00C04F79EFBC}") = "Repositories", "Repositories\Repositories.csproj", "{98384F92-1476-49F8-BF0C-C3910F031A48}"
EndProject
Project("{FAE04EC0-301F-11D3-BF4B-00C04F79EFBC}") = "Entities", "Entities\Entities.csproj", "{B194854E-ADCD-4F9B-94F7-51930B305B40}"
EndProject
Project("{FAE04EC0-301F-11D3-BF4B-00C04F79EFBC}") = "stajpro", "stajpro\stajpro.csproj", "{0B6CFBE5-33A5-4A69-91D3-1AD456DE69B6}"
EndProject
Project("{FAE04EC0-301F-11D3-BF4B-00C04F79EFBC}") = "Services", "Services\Services.csproj", "{B4DCD0A5-DB16-4A10-B7B9-22EE104A7564}"
EndProject
Global
	GlobalSection(SolutionConfigurationPlatforms) = preSolution
		Debug|Any CPU = Debug|Any CPU
		Release|Any CPU = Release|Any CPU
	EndGlobalSection
	GlobalSection(SolutionProperties) = preSolution
		HideSolutionNode = FALSE
	EndGlobalSection
	GlobalSection(ProjectConfigurationPlatforms) = postSolution
		{98384F92-1476-49F8-BF0C-C3910F031A48}.Debug|Any CPU.ActiveCfg = Debug|Any CPU
		{98384F92-1476-49F8-BF0C-C3910F031A48}.Debug|Any CPU.Build.0 = Debug|Any CPU
		{98384F92-1476-49F8-BF0C-C3910F031A48}.Release|Any CPU.ActiveCfg = Release|Any CPU
		{98384F92-1476-49F8-BF0C-C3910F031A48}.Release|Any CPU.Build.0 = Release|Any CPU
		{B194854E-ADCD-4F9B-94F7-51930B305B40}.Debug|Any CPU.ActiveCfg = Debug|Any CPU
		{B194854E-ADCD-4F9B-94F7-51930B305B40}.Debug|Any CPU.Build.0 = Debug|Any CPU
		{B194854E-ADCD-4F9B-94F7-51930B305B40}.Release|Any CPU.ActiveCfg = Release|Any CPU
		{B194854E-ADCD-4F9B-94F7-51930B305B40}.Release|Any CPU.Build.0 = Release|Any CPU
		{0B6CFBE5-33A5-4A69-91D3-1AD456DE69B6}.Debug|Any CPU.ActiveCfg = Debug|Any CPU
		{0B6CFBE5-33A5-4A69-91D3-1AD456DE69B6}.Debug|Any CPU.Build.0 = Debug|Any CPU
		{0B6CFBE5-33A5-4A69-91D3-1AD456DE69B6}.Release|Any CPU.ActiveCfg = Release|Any CPU
		{0B6CFBE5-33A5-4A69-91D3-1AD456DE69B6}.Release|Any CPU.Build.0 = Release|Any CPU
		{B4DCD0A5-DB16-4A10-B7B9-22EE104A7564}.Debug|Any CPU.ActiveCfg = Debug|Any CPU
		{B4DCD0A5-DB16-4A10-B7B9-22EE104A7564}.Debug|Any CPU.Build.0 = Debug|Any CPU
		{B4DCD0A5-DB16-4A10-B7B9-22EE104A7564}.Release|Any CPU.ActiveCfg = Release|Any CPU
		{B4DCD0A5-DB16-4A10-B7B9-22EE104A7564}.Release|Any CPU.Build.0 = Release|Any CPU
	EndGlobalSection
EndGlobal
